// !$*UTF8*$!
{
	archiveVersion = 1;
	classes = {
	};
	objectVersion = 46;
	objects = {

/* Begin PBXBuildFile section */
		2C5A5088D3265AF183D25F24 /* Pods_nfbox.framework in Frameworks */ = {isa = PBXBuildFile; fileRef = F1CC2D3208FA42EB391A67CC /* Pods_nfbox.framework */; };
		7C0BE0591DC7805400DC2817 /* RecipesCollectionViewCell.swift in Sources */ = {isa = PBXBuildFile; fileRef = 7C0BE0581DC7805400DC2817 /* RecipesCollectionViewCell.swift */; };
		7C0BE05B1DC785D600DC2817 /* NFBRecipesViewController.swift in Sources */ = {isa = PBXBuildFile; fileRef = 7C0BE05A1DC785D600DC2817 /* NFBRecipesViewController.swift */; };
		7C0BE05D1DC78D8300DC2817 /* NFBRecipe.swift in Sources */ = {isa = PBXBuildFile; fileRef = 7C0BE05C1DC78D8300DC2817 /* NFBRecipe.swift */; };
		7C1426DF1DCA271F00B86933 /* NFBProfileViewController.swift in Sources */ = {isa = PBXBuildFile; fileRef = 7C1426DE1DCA271E00B86933 /* NFBProfileViewController.swift */; };
		7C1646A11DC6034900A5420A /* ExercisesCollectionViewCell.swift in Sources */ = {isa = PBXBuildFile; fileRef = 7C1646A01DC6034900A5420A /* ExercisesCollectionViewCell.swift */; };
		7C1646A31DC6039A00A5420A /* NFBExercisesViewController.swift in Sources */ = {isa = PBXBuildFile; fileRef = 7C1646A21DC6039A00A5420A /* NFBExercisesViewController.swift */; };
		7C1646A51DC603CD00A5420A /* NFBExercise.swift in Sources */ = {isa = PBXBuildFile; fileRef = 7C1646A41DC603CD00A5420A /* NFBExercise.swift */; };
		7C30EF7C1DC8A28C00016DF4 /* StaggeredLayout.swift in Sources */ = {isa = PBXBuildFile; fileRef = 7C30EF7B1DC8A28C00016DF4 /* StaggeredLayout.swift */; };
		7C30EF7E1DC8EA4300016DF4 /* NFBLiveStreamViewController.swift in Sources */ = {isa = PBXBuildFile; fileRef = 7C30EF7D1DC8EA4300016DF4 /* NFBLiveStreamViewController.swift */; };
		7C4DF51F1DBE1306003C66DA /* AppDelegate.swift in Sources */ = {isa = PBXBuildFile; fileRef = 7C4DF51E1DBE1306003C66DA /* AppDelegate.swift */; };
		7C4DF5211DBE1306003C66DA /* ViewController.swift in Sources */ = {isa = PBXBuildFile; fileRef = 7C4DF5201DBE1306003C66DA /* ViewController.swift */; };
		7C4DF5241DBE1306003C66DA /* Main.storyboard in Resources */ = {isa = PBXBuildFile; fileRef = 7C4DF5221DBE1306003C66DA /* Main.storyboard */; };
		7C4DF5261DBE1307003C66DA /* Assets.xcassets in Resources */ = {isa = PBXBuildFile; fileRef = 7C4DF5251DBE1307003C66DA /* Assets.xcassets */; };
		7C4DF5291DBE1307003C66DA /* LaunchScreen.storyboard in Resources */ = {isa = PBXBuildFile; fileRef = 7C4DF5271DBE1307003C66DA /* LaunchScreen.storyboard */; };
		7C4DF5311DBE362E003C66DA /* NFBTabBarController.swift in Sources */ = {isa = PBXBuildFile; fileRef = 7C4DF5301DBE362E003C66DA /* NFBTabBarController.swift */; };
		7C4DF5331DBE507D003C66DA /* NFBCompaniesViewController.swift in Sources */ = {isa = PBXBuildFile; fileRef = 7C4DF5321DBE507D003C66DA /* NFBCompaniesViewController.swift */; };
		7C4DF5351DBE583C003C66DA /* CompaniesCollectionViewCell.swift in Sources */ = {isa = PBXBuildFile; fileRef = 7C4DF5341DBE583C003C66DA /* CompaniesCollectionViewCell.swift */; };
		7C6151641DDCAECA00724840 /* NFBExercisePlanViewController.swift in Sources */ = {isa = PBXBuildFile; fileRef = 7C6151631DDCAECA00724840 /* NFBExercisePlanViewController.swift */; };
		7C63E18F1DC75AB500CC415A /* Single.swift in Sources */ = {isa = PBXBuildFile; fileRef = 7C63E18E1DC75AB500CC415A /* Single.swift */; };
		7C65AA3A1DC4E28E00ED4BCF /* NFBAdvicesViewController.swift in Sources */ = {isa = PBXBuildFile; fileRef = 7C65AA391DC4E28E00ED4BCF /* NFBAdvicesViewController.swift */; };
		7C65AA3C1DC4E4A200ED4BCF /* AdvicesCollectionViewCell.swift in Sources */ = {isa = PBXBuildFile; fileRef = 7C65AA3B1DC4E4A200ED4BCF /* AdvicesCollectionViewCell.swift */; };
		7C65AA3E1DC4FCD000ED4BCF /* NFBAdvice.swift in Sources */ = {isa = PBXBuildFile; fileRef = 7C65AA3D1DC4FCD000ED4BCF /* NFBAdvice.swift */; };
		7CB401491DC2450E00A83DAF /* Alamofire.framework in Frameworks */ = {isa = PBXBuildFile; fileRef = 7CB401481DC2450E00A83DAF /* Alamofire.framework */; };
		7CB4014B1DC24F0400A83DAF /* NFBCompany.swift in Sources */ = {isa = PBXBuildFile; fileRef = 7CB4014A1DC24F0400A83DAF /* NFBCompany.swift */; };
		7CCC740F1DC8F54600F78328 /* ArchiveCollectionViewCell.swift in Sources */ = {isa = PBXBuildFile; fileRef = 7CCC740E1DC8F54600F78328 /* ArchiveCollectionViewCell.swift */; };
		7CCC74111DC8FA1300F78328 /* NFBArchiveViewController.swift in Sources */ = {isa = PBXBuildFile; fileRef = 7CCC74101DC8FA1300F78328 /* NFBArchiveViewController.swift */; };
		7CF7B5161DD344970003BC4F /* LoginScreen.swift in Sources */ = {isa = PBXBuildFile; fileRef = 7CF7B5151DD344970003BC4F /* LoginScreen.swift */; };
		7CF7B5181DD36F3A0003BC4F /* RegisterScreen.swift in Sources */ = {isa = PBXBuildFile; fileRef = 7CF7B5171DD36F3A0003BC4F /* RegisterScreen.swift */; };
/* End PBXBuildFile section */

/* Begin PBXFileReference section */
		30063B9EF69D125D4E9C255A /* Pods-nfbox.release.xcconfig */ = {isa = PBXFileReference; includeInIndex = 1; lastKnownFileType = text.xcconfig; name = "Pods-nfbox.release.xcconfig"; path = "Pods/Target Support Files/Pods-nfbox/Pods-nfbox.release.xcconfig"; sourceTree = "<group>"; };
		7C0BE0581DC7805400DC2817 /* RecipesCollectionViewCell.swift */ = {isa = PBXFileReference; fileEncoding = 4; lastKnownFileType = sourcecode.swift; path = RecipesCollectionViewCell.swift; sourceTree = "<group>"; };
		7C0BE05A1DC785D600DC2817 /* NFBRecipesViewController.swift */ = {isa = PBXFileReference; fileEncoding = 4; lastKnownFileType = sourcecode.swift; path = NFBRecipesViewController.swift; sourceTree = "<group>"; };
		7C0BE05C1DC78D8300DC2817 /* NFBRecipe.swift */ = {isa = PBXFileReference; fileEncoding = 4; lastKnownFileType = sourcecode.swift; path = NFBRecipe.swift; sourceTree = "<group>"; };
		7C1426DE1DCA271E00B86933 /* NFBProfileViewController.swift */ = {isa = PBXFileReference; fileEncoding = 4; lastKnownFileType = sourcecode.swift; path = NFBProfileViewController.swift; sourceTree = "<group>"; };
		7C1646A01DC6034900A5420A /* ExercisesCollectionViewCell.swift */ = {isa = PBXFileReference; fileEncoding = 4; lastKnownFileType = sourcecode.swift; path = ExercisesCollectionViewCell.swift; sourceTree = "<group>"; };
		7C1646A21DC6039A00A5420A /* NFBExercisesViewController.swift */ = {isa = PBXFileReference; fileEncoding = 4; lastKnownFileType = sourcecode.swift; path = NFBExercisesViewController.swift; sourceTree = "<group>"; };
		7C1646A41DC603CD00A5420A /* NFBExercise.swift */ = {isa = PBXFileReference; fileEncoding = 4; lastKnownFileType = sourcecode.swift; path = NFBExercise.swift; sourceTree = "<group>"; };
		7C30EF7B1DC8A28C00016DF4 /* StaggeredLayout.swift */ = {isa = PBXFileReference; fileEncoding = 4; lastKnownFileType = sourcecode.swift; path = StaggeredLayout.swift; sourceTree = "<group>"; };
		7C30EF7D1DC8EA4300016DF4 /* NFBLiveStreamViewController.swift */ = {isa = PBXFileReference; fileEncoding = 4; lastKnownFileType = sourcecode.swift; path = NFBLiveStreamViewController.swift; sourceTree = "<group>"; };
		7C4DF51B1DBE1306003C66DA /* nfbox.app */ = {isa = PBXFileReference; explicitFileType = wrapper.application; includeInIndex = 0; path = nfbox.app; sourceTree = BUILT_PRODUCTS_DIR; };
		7C4DF51E1DBE1306003C66DA /* AppDelegate.swift */ = {isa = PBXFileReference; lastKnownFileType = sourcecode.swift; path = AppDelegate.swift; sourceTree = "<group>"; };
		7C4DF5201DBE1306003C66DA /* ViewController.swift */ = {isa = PBXFileReference; lastKnownFileType = sourcecode.swift; path = ViewController.swift; sourceTree = "<group>"; };
		7C4DF5231DBE1306003C66DA /* Base */ = {isa = PBXFileReference; lastKnownFileType = file.storyboard; name = Base; path = Base.lproj/Main.storyboard; sourceTree = "<group>"; };
		7C4DF5251DBE1307003C66DA /* Assets.xcassets */ = {isa = PBXFileReference; lastKnownFileType = folder.assetcatalog; path = Assets.xcassets; sourceTree = "<group>"; };
		7C4DF5281DBE1307003C66DA /* Base */ = {isa = PBXFileReference; lastKnownFileType = file.storyboard; name = Base; path = Base.lproj/LaunchScreen.storyboard; sourceTree = "<group>"; };
		7C4DF52A1DBE1307003C66DA /* Info.plist */ = {isa = PBXFileReference; lastKnownFileType = text.plist.xml; path = Info.plist; sourceTree = "<group>"; };
		7C4DF5301DBE362E003C66DA /* NFBTabBarController.swift */ = {isa = PBXFileReference; fileEncoding = 4; lastKnownFileType = sourcecode.swift; path = NFBTabBarController.swift; sourceTree = "<group>"; };
		7C4DF5321DBE507D003C66DA /* NFBCompaniesViewController.swift */ = {isa = PBXFileReference; fileEncoding = 4; lastKnownFileType = sourcecode.swift; path = NFBCompaniesViewController.swift; sourceTree = "<group>"; };
		7C4DF5341DBE583C003C66DA /* CompaniesCollectionViewCell.swift */ = {isa = PBXFileReference; fileEncoding = 4; lastKnownFileType = sourcecode.swift; path = CompaniesCollectionViewCell.swift; sourceTree = "<group>"; };
		7C6151631DDCAECA00724840 /* NFBExercisePlanViewController.swift */ = {isa = PBXFileReference; fileEncoding = 4; lastKnownFileType = sourcecode.swift; path = NFBExercisePlanViewController.swift; sourceTree = "<group>"; };
		7C63E18E1DC75AB500CC415A /* Single.swift */ = {isa = PBXFileReference; fileEncoding = 4; lastKnownFileType = sourcecode.swift; path = Single.swift; sourceTree = "<group>"; };
		7C65AA391DC4E28E00ED4BCF /* NFBAdvicesViewController.swift */ = {isa = PBXFileReference; fileEncoding = 4; lastKnownFileType = sourcecode.swift; path = NFBAdvicesViewController.swift; sourceTree = "<group>"; };
		7C65AA3B1DC4E4A200ED4BCF /* AdvicesCollectionViewCell.swift */ = {isa = PBXFileReference; fileEncoding = 4; lastKnownFileType = sourcecode.swift; path = AdvicesCollectionViewCell.swift; sourceTree = "<group>"; };
		7C65AA3D1DC4FCD000ED4BCF /* NFBAdvice.swift */ = {isa = PBXFileReference; fileEncoding = 4; lastKnownFileType = sourcecode.swift; path = NFBAdvice.swift; sourceTree = "<group>"; };
		7CB401481DC2450E00A83DAF /* Alamofire.framework */ = {isa = PBXFileReference; lastKnownFileType = wrapper.framework; name = Alamofire.framework; path = "Pods/../build/Debug-iphoneos/Alamofire/Alamofire.framework"; sourceTree = "<group>"; };
		7CB4014A1DC24F0400A83DAF /* NFBCompany.swift */ = {isa = PBXFileReference; fileEncoding = 4; lastKnownFileType = sourcecode.swift; path = NFBCompany.swift; sourceTree = "<group>"; };
		7CCC740E1DC8F54600F78328 /* ArchiveCollectionViewCell.swift */ = {isa = PBXFileReference; fileEncoding = 4; lastKnownFileType = sourcecode.swift; path = ArchiveCollectionViewCell.swift; sourceTree = "<group>"; };
		7CCC74101DC8FA1300F78328 /* NFBArchiveViewController.swift */ = {isa = PBXFileReference; fileEncoding = 4; lastKnownFileType = sourcecode.swift; path = NFBArchiveViewController.swift; sourceTree = "<group>"; };
		7CF7B5151DD344970003BC4F /* LoginScreen.swift */ = {isa = PBXFileReference; fileEncoding = 4; lastKnownFileType = sourcecode.swift; path = LoginScreen.swift; sourceTree = "<group>"; };
		7CF7B5171DD36F3A0003BC4F /* RegisterScreen.swift */ = {isa = PBXFileReference; fileEncoding = 4; lastKnownFileType = sourcecode.swift; path = RegisterScreen.swift; sourceTree = "<group>"; };
		E7E535A8CF0F5AD645079683 /* Pods-nfbox.debug.xcconfig */ = {isa = PBXFileReference; includeInIndex = 1; lastKnownFileType = text.xcconfig; name = "Pods-nfbox.debug.xcconfig"; path = "Pods/Target Support Files/Pods-nfbox/Pods-nfbox.debug.xcconfig"; sourceTree = "<group>"; };
		F1CC2D3208FA42EB391A67CC /* Pods_nfbox.framework */ = {isa = PBXFileReference; explicitFileType = wrapper.framework; includeInIndex = 0; path = Pods_nfbox.framework; sourceTree = BUILT_PRODUCTS_DIR; };
/* End PBXFileReference section */

/* Begin PBXFrameworksBuildPhase section */
		7C4DF5181DBE1305003C66DA /* Frameworks */ = {
			isa = PBXFrameworksBuildPhase;
			buildActionMask = 2147483647;
			files = (
				7CB401491DC2450E00A83DAF /* Alamofire.framework in Frameworks */,
				2C5A5088D3265AF183D25F24 /* Pods_nfbox.framework in Frameworks */,
			);
			runOnlyForDeploymentPostprocessing = 0;
		};
/* End PBXFrameworksBuildPhase section */

/* Begin PBXGroup section */
		05683F91CBDAB4D7AD6AFF38 /* Pods */ = {
			isa = PBXGroup;
			children = (
				E7E535A8CF0F5AD645079683 /* Pods-nfbox.debug.xcconfig */,
				30063B9EF69D125D4E9C255A /* Pods-nfbox.release.xcconfig */,
			);
			name = Pods;
			sourceTree = "<group>";
		};
		7C4DF5121DBE1305003C66DA = {
			isa = PBXGroup;
			children = (
				7C4DF51D1DBE1306003C66DA /* nfbox */,
				7C4DF51C1DBE1306003C66DA /* Products */,
				05683F91CBDAB4D7AD6AFF38 /* Pods */,
				ED694AA99C9A74ABDF2C2664 /* Frameworks */,
			);
			sourceTree = "<group>";
		};
		7C4DF51C1DBE1306003C66DA /* Products */ = {
			isa = PBXGroup;
			children = (
				7C4DF51B1DBE1306003C66DA /* nfbox.app */,
			);
			name = Products;
			sourceTree = "<group>";
		};
		7C4DF51D1DBE1306003C66DA /* nfbox */ = {
			isa = PBXGroup;
			children = (
				7C4DF51E1DBE1306003C66DA /* AppDelegate.swift */,
				7C4DF5201DBE1306003C66DA /* ViewController.swift */,
				7C4DF5221DBE1306003C66DA /* Main.storyboard */,
				7C4DF5321DBE507D003C66DA /* NFBCompaniesViewController.swift */,
				7C4DF5341DBE583C003C66DA /* CompaniesCollectionViewCell.swift */,
				7C0BE05A1DC785D600DC2817 /* NFBRecipesViewController.swift */,
				7C1426DE1DCA271E00B86933 /* NFBProfileViewController.swift */,
				7C1646A01DC6034900A5420A /* ExercisesCollectionViewCell.swift */,
				7C0BE0581DC7805400DC2817 /* RecipesCollectionViewCell.swift */,
				7C63E18E1DC75AB500CC415A /* Single.swift */,
				7CF7B5171DD36F3A0003BC4F /* RegisterScreen.swift */,
				7CCC74101DC8FA1300F78328 /* NFBArchiveViewController.swift */,
				7C1646A41DC603CD00A5420A /* NFBExercise.swift */,
				7C65AA3D1DC4FCD000ED4BCF /* NFBAdvice.swift */,
				7C6151631DDCAECA00724840 /* NFBExercisePlanViewController.swift */,
				7C0BE05C1DC78D8300DC2817 /* NFBRecipe.swift */,
				7C1646A21DC6039A00A5420A /* NFBExercisesViewController.swift */,
				7CCC740E1DC8F54600F78328 /* ArchiveCollectionViewCell.swift */,
				7C30EF7D1DC8EA4300016DF4 /* NFBLiveStreamViewController.swift */,
				7C4DF5301DBE362E003C66DA /* NFBTabBarController.swift */,
				7CF7B5151DD344970003BC4F /* LoginScreen.swift */,
				7C65AA3B1DC4E4A200ED4BCF /* AdvicesCollectionViewCell.swift */,
				7C65AA391DC4E28E00ED4BCF /* NFBAdvicesViewController.swift */,
				7C4DF5251DBE1307003C66DA /* Assets.xcassets */,
				7C4DF5271DBE1307003C66DA /* LaunchScreen.storyboard */,
				7C4DF52A1DBE1307003C66DA /* Info.plist */,
				7CB4014A1DC24F0400A83DAF /* NFBCompany.swift */,
				7C30EF7B1DC8A28C00016DF4 /* StaggeredLayout.swift */,
			);
			path = nfbox;
			sourceTree = "<group>";
		};
		ED694AA99C9A74ABDF2C2664 /* Frameworks */ = {
			isa = PBXGroup;
			children = (
				7CB401481DC2450E00A83DAF /* Alamofire.framework */,
				F1CC2D3208FA42EB391A67CC /* Pods_nfbox.framework */,
			);
			name = Frameworks;
			sourceTree = "<group>";
		};
/* End PBXGroup section */

/* Begin PBXNativeTarget section */
		7C4DF51A1DBE1305003C66DA /* nfbox */ = {
			isa = PBXNativeTarget;
			buildConfigurationList = 7C4DF52D1DBE1307003C66DA /* Build configuration list for PBXNativeTarget "nfbox" */;
			buildPhases = (
				733B955D2F91B013C873A34B /* [CP] Check Pods Manifest.lock */,
				7C4DF5171DBE1305003C66DA /* Sources */,
				7C4DF5181DBE1305003C66DA /* Frameworks */,
				7C4DF5191DBE1305003C66DA /* Resources */,
				748D4DA4E02F65FA0AF6D04E /* [CP] Embed Pods Frameworks */,
				8D0DDABA7C06CBB9C23D02A8 /* [CP] Copy Pods Resources */,
			);
			buildRules = (
			);
			dependencies = (
			);
			name = nfbox;
			productName = nfbox;
			productReference = 7C4DF51B1DBE1306003C66DA /* nfbox.app */;
			productType = "com.apple.product-type.application";
		};
/* End PBXNativeTarget section */

/* Begin PBXProject section */
		7C4DF5131DBE1305003C66DA /* Project object */ = {
			isa = PBXProject;
			attributes = {
				LastSwiftUpdateCheck = 0800;
				LastUpgradeCheck = 0800;
				ORGANIZATIONNAME = tds;
				TargetAttributes = {
					7C4DF51A1DBE1305003C66DA = {
						CreatedOnToolsVersion = 8.0;
						ProvisioningStyle = Automatic;
					};
				};
			};
			buildConfigurationList = 7C4DF5161DBE1305003C66DA /* Build configuration list for PBXProject "nfbox" */;
			compatibilityVersion = "Xcode 3.2";
			developmentRegion = English;
			hasScannedForEncodings = 0;
			knownRegions = (
				en,
				Base,
			);
			mainGroup = 7C4DF5121DBE1305003C66DA;
			productRefGroup = 7C4DF51C1DBE1306003C66DA /* Products */;
			projectDirPath = "";
			projectRoot = "";
			targets = (
				7C4DF51A1DBE1305003C66DA /* nfbox */,
			);
		};
/* End PBXProject section */

/* Begin PBXResourcesBuildPhase section */
		7C4DF5191DBE1305003C66DA /* Resources */ = {
			isa = PBXResourcesBuildPhase;
			buildActionMask = 2147483647;
			files = (
				7C4DF5291DBE1307003C66DA /* LaunchScreen.storyboard in Resources */,
				7C4DF5261DBE1307003C66DA /* Assets.xcassets in Resources */,
				7C4DF5241DBE1306003C66DA /* Main.storyboard in Resources */,
			);
			runOnlyForDeploymentPostprocessing = 0;
		};
/* End PBXResourcesBuildPhase section */

/* Begin PBXShellScriptBuildPhase section */
		733B955D2F91B013C873A34B /* [CP] Check Pods Manifest.lock */ = {
			isa = PBXShellScriptBuildPhase;
			buildActionMask = 2147483647;
			files = (
			);
			inputPaths = (
			);
			name = "[CP] Check Pods Manifest.lock";
			outputPaths = (
			);
			runOnlyForDeploymentPostprocessing = 0;
			shellPath = /bin/sh;
			shellScript = "diff \"${PODS_ROOT}/../Podfile.lock\" \"${PODS_ROOT}/Manifest.lock\" > /dev/null\nif [ $? != 0 ] ; then\n    # print error to STDERR\n    echo \"error: The sandbox is not in sync with the Podfile.lock. Run 'pod install' or update your CocoaPods installation.\" >&2\n    exit 1\nfi\n";
			showEnvVarsInLog = 0;
		};
		748D4DA4E02F65FA0AF6D04E /* [CP] Embed Pods Frameworks */ = {
			isa = PBXShellScriptBuildPhase;
			buildActionMask = 2147483647;
			files = (
			);
			inputPaths = (
			);
			name = "[CP] Embed Pods Frameworks";
			outputPaths = (
			);
			runOnlyForDeploymentPostprocessing = 0;
			shellPath = /bin/sh;
			shellScript = "\"${SRCROOT}/Pods/Target Support Files/Pods-nfbox/Pods-nfbox-frameworks.sh\"\n";
			showEnvVarsInLog = 0;
		};
		8D0DDABA7C06CBB9C23D02A8 /* [CP] Copy Pods Resources */ = {
			isa = PBXShellScriptBuildPhase;
			buildActionMask = 2147483647;
			files = (
			);
			inputPaths = (
			);
			name = "[CP] Copy Pods Resources";
			outputPaths = (
			);
			runOnlyForDeploymentPostprocessing = 0;
			shellPath = /bin/sh;
			shellScript = "\"${SRCROOT}/Pods/Target Support Files/Pods-nfbox/Pods-nfbox-resources.sh\"\n";
			showEnvVarsInLog = 0;
		};
/* End PBXShellScriptBuildPhase section */

/* Begin PBXSourcesBuildPhase section */
		7C4DF5171DBE1305003C66DA /* Sources */ = {
			isa = PBXSourcesBuildPhase;
			buildActionMask = 2147483647;
			files = (
				7C65AA3C1DC4E4A200ED4BCF /* AdvicesCollectionViewCell.swift in Sources */,
				7C65AA3A1DC4E28E00ED4BCF /* NFBAdvicesViewController.swift in Sources */,
				7C4DF5311DBE362E003C66DA /* NFBTabBarController.swift in Sources */,
				7C4DF5211DBE1306003C66DA /* ViewController.swift in Sources */,
				7CF7B5181DD36F3A0003BC4F /* RegisterScreen.swift in Sources */,
				7CCC740F1DC8F54600F78328 /* ArchiveCollectionViewCell.swift in Sources */,
				7C1646A51DC603CD00A5420A /* NFBExercise.swift in Sources */,
				7C30EF7E1DC8EA4300016DF4 /* NFBLiveStreamViewController.swift in Sources */,
				7C1646A11DC6034900A5420A /* ExercisesCollectionViewCell.swift in Sources */,
				7C30EF7C1DC8A28C00016DF4 /* StaggeredLayout.swift in Sources */,
				7CF7B5161DD344970003BC4F /* LoginScreen.swift in Sources */,
				7C65AA3E1DC4FCD000ED4BCF /* NFBAdvice.swift in Sources */,
				7C4DF5351DBE583C003C66DA /* CompaniesCollectionViewCell.swift in Sources */,
				7C0BE05D1DC78D8300DC2817 /* NFBRecipe.swift in Sources */,
				7C6151641DDCAECA00724840 /* NFBExercisePlanViewController.swift in Sources */,
				7C63E18F1DC75AB500CC415A /* Single.swift in Sources */,
				7C1646A31DC6039A00A5420A /* NFBExercisesViewController.swift in Sources */,
				7C1426DF1DCA271F00B86933 /* NFBProfileViewController.swift in Sources */,
				7C0BE0591DC7805400DC2817 /* RecipesCollectionViewCell.swift in Sources */,
				7C4DF5331DBE507D003C66DA /* NFBCompaniesViewController.swift in Sources */,
				7CCC74111DC8FA1300F78328 /* NFBArchiveViewController.swift in Sources */,
				7CB4014B1DC24F0400A83DAF /* NFBCompany.swift in Sources */,
				7C0BE05B1DC785D600DC2817 /* NFBRecipesViewController.swift in Sources */,
				7C4DF51F1DBE1306003C66DA /* AppDelegate.swift in Sources */,
			);
			runOnlyForDeploymentPostprocessing = 0;
		};
/* End PBXSourcesBuildPhase section */

/* Begin PBXVariantGroup section */
		7C4DF5221DBE1306003C66DA /* Main.storyboard */ = {
			isa = PBXVariantGroup;
			children = (
				7C4DF5231DBE1306003C66DA /* Base */,
			);
			name = Main.storyboard;
			sourceTree = "<group>";
		};
		7C4DF5271DBE1307003C66DA /* LaunchScreen.storyboard */ = {
			isa = PBXVariantGroup;
			children = (
				7C4DF5281DBE1307003C66DA /* Base */,
			);
			name = LaunchScreen.storyboard;
			sourceTree = "<group>";
		};
/* End PBXVariantGroup section */

/* Begin XCBuildConfiguration section */
		7C4DF52B1DBE1307003C66DA /* Debug */ = {
			isa = XCBuildConfiguration;
			buildSettings = {
				ALWAYS_SEARCH_USER_PATHS = NO;
				CLANG_ANALYZER_NONNULL = YES;
				CLANG_CXX_LANGUAGE_STANDARD = "gnu++0x";
				CLANG_CXX_LIBRARY = "libc++";
				CLANG_ENABLE_MODULES = YES;
				CLANG_ENABLE_OBJC_ARC = YES;
				CLANG_WARN_BOOL_CONVERSION = YES;
				CLANG_WARN_CONSTANT_CONVERSION = YES;
				CLANG_WARN_DIRECT_OBJC_ISA_USAGE = YES_ERROR;
				CLANG_WARN_DOCUMENTATION_COMMENTS = YES;
				CLANG_WARN_EMPTY_BODY = YES;
				CLANG_WARN_ENUM_CONVERSION = YES;
				CLANG_WARN_INFINITE_RECURSION = YES;
				CLANG_WARN_INT_CONVERSION = YES;
				CLANG_WARN_OBJC_ROOT_CLASS = YES_ERROR;
				CLANG_WARN_SUSPICIOUS_MOVES = YES;
				CLANG_WARN_UNREACHABLE_CODE = YES;
				CLANG_WARN__DUPLICATE_METHOD_MATCH = YES;
				"CODE_SIGN_IDENTITY[sdk=iphoneos*]" = "iPhone Developer";
				COPY_PHASE_STRIP = NO;
				DEBUG_INFORMATION_FORMAT = dwarf;
				ENABLE_STRICT_OBJC_MSGSEND = YES;
				ENABLE_TESTABILITY = YES;
				GCC_C_LANGUAGE_STANDARD = gnu99;
				GCC_DYNAMIC_NO_PIC = NO;
				GCC_NO_COMMON_BLOCKS = YES;
				GCC_OPTIMIZATION_LEVEL = 0;
				GCC_PREPROCESSOR_DEFINITIONS = (
					"DEBUG=1",
					"$(inherited)",
				);
				GCC_WARN_64_TO_32_BIT_CONVERSION = YES;
				GCC_WARN_ABOUT_RETURN_TYPE = YES_ERROR;
				GCC_WARN_UNDECLARED_SELECTOR = YES;
				GCC_WARN_UNINITIALIZED_AUTOS = YES_AGGRESSIVE;
				GCC_WARN_UNUSED_FUNCTION = YES;
				GCC_WARN_UNUSED_VARIABLE = YES;
				IPHONEOS_DEPLOYMENT_TARGET = 10.0;
				MTL_ENABLE_DEBUG_INFO = YES;
				ONLY_ACTIVE_ARCH = YES;
				SDKROOT = iphoneos;
				SWIFT_ACTIVE_COMPILATION_CONDITIONS = DEBUG;
				SWIFT_OPTIMIZATION_LEVEL = "-Onone";
				TARGETED_DEVICE_FAMILY = "1,2";
			};
			name = Debug;
		};
		7C4DF52C1DBE1307003C66DA /* Release */ = {
			isa = XCBuildConfiguration;
			buildSettings = {
				ALWAYS_SEARCH_USER_PATHS = NO;
				CLANG_ANALYZER_NONNULL = YES;
				CLANG_CXX_LANGUAGE_STANDARD = "gnu++0x";
				CLANG_CXX_LIBRARY = "libc++";
				CLANG_ENABLE_MODULES = YES;
				CLANG_ENABLE_OBJC_ARC = YES;
				CLANG_WARN_BOOL_CONVERSION = YES;
				CLANG_WARN_CONSTANT_CONVERSION = YES;
				CLANG_WARN_DIRECT_OBJC_ISA_USAGE = YES_ERROR;
				CLANG_WARN_DOCUMENTATION_COMMENTS = YES;
				CLANG_WARN_EMPTY_BODY = YES;
				CLANG_WARN_ENUM_CONVERSION = YES;
				CLANG_WARN_INFINITE_RECURSION = YES;
				CLANG_WARN_INT_CONVERSION = YES;
				CLANG_WARN_OBJC_ROOT_CLASS = YES_ERROR;
				CLANG_WARN_SUSPICIOUS_MOVES = YES;
				CLANG_WARN_UNREACHABLE_CODE = YES;
				CLANG_WARN__DUPLICATE_METHOD_MATCH = YES;
				"CODE_SIGN_IDENTITY[sdk=iphoneos*]" = "iPhone Developer";
				COPY_PHASE_STRIP = NO;
				DEBUG_INFORMATION_FORMAT = "dwarf-with-dsym";
				ENABLE_NS_ASSERTIONS = NO;
				ENABLE_STRICT_OBJC_MSGSEND = YES;
				GCC_C_LANGUAGE_STANDARD = gnu99;
				GCC_NO_COMMON_BLOCKS = YES;
				GCC_WARN_64_TO_32_BIT_CONVERSION = YES;
				GCC_WARN_ABOUT_RETURN_TYPE = YES_ERROR;
				GCC_WARN_UNDECLARED_SELECTOR = YES;
				GCC_WARN_UNINITIALIZED_AUTOS = YES_AGGRESSIVE;
				GCC_WARN_UNUSED_FUNCTION = YES;
				GCC_WARN_UNUSED_VARIABLE = YES;
				IPHONEOS_DEPLOYMENT_TARGET = 10.0;
				MTL_ENABLE_DEBUG_INFO = NO;
				SDKROOT = iphoneos;
				SWIFT_OPTIMIZATION_LEVEL = "-Owholemodule";
				TARGETED_DEVICE_FAMILY = "1,2";
				VALIDATE_PRODUCT = YES;
			};
			name = Release;
		};
		7C4DF52E1DBE1307003C66DA /* Debug */ = {
			isa = XCBuildConfiguration;
			baseConfigurationReference = E7E535A8CF0F5AD645079683 /* Pods-nfbox.debug.xcconfig */;
			buildSettings = {
				ASSETCATALOG_COMPILER_APPICON_NAME = AppIcon;
				FRAMEWORK_SEARCH_PATHS = (
					"$(inherited)",
					"$(PROJECT_DIR)/build/Debug-iphoneos/Alamofire",
				);
				INFOPLIST_FILE = nfbox/Info.plist;
				LD_RUNPATH_SEARCH_PATHS = "$(inherited) @executable_path/Frameworks";
				PRODUCT_BUNDLE_IDENTIFIER = com.tds.nfbox;
				PRODUCT_NAME = "$(TARGET_NAME)";
				SWIFT_VERSION = 3.0;
			};
			name = Debug;
		};
		7C4DF52F1DBE1307003C66DA /* Release */ = {
			isa = XCBuildConfiguration;
			baseConfigurationReference = 30063B9EF69D125D4E9C255A /* Pods-nfbox.release.xcconfig */;
			buildSettings = {
				ASSETCATALOG_COMPILER_APPICON_NAME = AppIcon;
				FRAMEWORK_SEARCH_PATHS = (
					"$(inherited)",
					"$(PROJECT_DIR)/build/Debug-iphoneos/Alamofire",
				);
				INFOPLIST_FILE = nfbox/Info.plist;
				LD_RUNPATH_SEARCH_PATHS = "$(inherited) @executable_path/Frameworks";
				PRODUCT_BUNDLE_IDENTIFIER = com.tds.nfbox;
				PRODUCT_NAME = "$(TARGET_NAME)";
				SWIFT_VERSION = 3.0;
			};
			name = Release;
		};
/* End XCBuildConfiguration section */

/* Begin XCConfigurationList section */
		7C4DF5161DBE1305003C66DA /* Build configuration list for PBXProject "nfbox" */ = {
			isa = XCConfigurationList;
			buildConfigurations = (
				7C4DF52B1DBE1307003C66DA /* Debug */,
				7C4DF52C1DBE1307003C66DA /* Release */,
			);
			defaultConfigurationIsVisible = 0;
			defaultConfigurationName = Release;
		};
		7C4DF52D1DBE1307003C66DA /* Build configuration list for PBXNativeTarget "nfbox" */ = {
			isa = XCConfigurationList;
			buildConfigurations = (
				7C4DF52E1DBE1307003C66DA /* Debug */,
				7C4DF52F1DBE1307003C66DA /* Release */,
			);
			defaultConfigurationIsVisible = 0;
			defaultConfigurationName = Release;
		};
/* End XCConfigurationList section */
	};
	rootObject = 7C4DF5131DBE1305003C66DA /* Project object */;
}
